
Microsoft Visual Studio Solution File, Format Version 12.00
# Visual Studio Version 16
VisualStudioVersion = 16.0.31112.23
MinimumVisualStudioVersion = 10.0.40219.1
Project("{9A19103F-16F7-4668-BE54-9A1E7A4F7556}") = "StudyProject", "StudyProject\StudyProject.csproj", "{D33652F8-768F-40C1-B025-96804571F79D}"
EndProject
Global
	GlobalSection(SolutionConfigurationPlatforms) = preSolution
		Debug|Any CPU = Debug|Any CPU
		Release|Any CPU = Release|Any CPU
	EndGlobalSection
	GlobalSection(ProjectConfigurationPlatforms) = postSolution
		{D33652F8-768F-40C1-B025-96804571F79D}.Debug|Any CPU.ActiveCfg = Debug|Any CPU
		{D33652F8-768F-40C1-B025-96804571F79D}.Debug|Any CPU.Build.0 = Debug|Any CPU
		{D33652F8-768F-40C1-B025-96804571F79D}.Release|Any CPU.ActiveCfg = Release|Any CPU
		{D33652F8-768F-40C1-B025-96804571F79D}.Release|Any CPU.Build.0 = Release|Any CPU
	EndGlobalSection
	GlobalSection(SolutionProperties) = preSolution
		HideSolutionNode = FALSE
	EndGlobalSection
	GlobalSection(ExtensibilityGlobals) = postSolution
		SolutionGuid = {9BCDE1C2-3170-47C8-9DFD-5355F8D7D45B}
	EndGlobalSection
EndGlobal
